// !$*UTF8*$!
{
	archiveVersion = 1;
	classes = {
	};
	objectVersion = 50;
	objects = {

/* Begin PBXBuildFile section */
		35CA229B22DE4A9C001249E0 /* AppDelegate.swift in Sources */ = {isa = PBXBuildFile; fileRef = 35CA229A22DE4A9C001249E0 /* AppDelegate.swift */; };
		35CA229D22DE4A9C001249E0 /* MapVC.swift in Sources */ = {isa = PBXBuildFile; fileRef = 35CA229C22DE4A9C001249E0 /* MapVC.swift */; };
		35CA22A022DE4A9C001249E0 /* Main.storyboard in Resources */ = {isa = PBXBuildFile; fileRef = 35CA229E22DE4A9C001249E0 /* Main.storyboard */; };
		35CA22A222DE4A9E001249E0 /* Assets.xcassets in Resources */ = {isa = PBXBuildFile; fileRef = 35CA22A122DE4A9E001249E0 /* Assets.xcassets */; };
		35CA22A522DE4A9E001249E0 /* LaunchScreen.storyboard in Resources */ = {isa = PBXBuildFile; fileRef = 35CA22A322DE4A9E001249E0 /* LaunchScreen.storyboard */; };
/* End PBXBuildFile section */

/* Begin PBXFileReference section */
		35CA229722DE4A9C001249E0 /* Pixel City.app */ = {isa = PBXFileReference; explicitFileType = wrapper.application; includeInIndex = 0; path = "Pixel City.app"; sourceTree = BUILT_PRODUCTS_DIR; };
		35CA229A22DE4A9C001249E0 /* AppDelegate.swift */ = {isa = PBXFileReference; lastKnownFileType = sourcecode.swift; path = AppDelegate.swift; sourceTree = "<group>"; };
		35CA229C22DE4A9C001249E0 /* MapVC.swift */ = {isa = PBXFileReference; lastKnownFileType = sourcecode.swift; path = MapVC.swift; sourceTree = "<group>"; };
		35CA229F22DE4A9C001249E0 /* Base */ = {isa = PBXFileReference; lastKnownFileType = file.storyboard; name = Base; path = Base.lproj/Main.storyboard; sourceTree = "<group>"; };
		35CA22A122DE4A9E001249E0 /* Assets.xcassets */ = {isa = PBXFileReference; lastKnownFileType = folder.assetcatalog; path = Assets.xcassets; sourceTree = "<group>"; };
		35CA22A422DE4A9E001249E0 /* Base */ = {isa = PBXFileReference; lastKnownFileType = file.storyboard; name = Base; path = Base.lproj/LaunchScreen.storyboard; sourceTree = "<group>"; };
		35CA22A622DE4A9E001249E0 /* Info.plist */ = {isa = PBXFileReference; lastKnownFileType = text.plist.xml; path = Info.plist; sourceTree = "<group>"; };
/* End PBXFileReference section */

/* Begin PBXFrameworksBuildPhase section */
		35CA229422DE4A9C001249E0 /* Frameworks */ = {
			isa = PBXFrameworksBuildPhase;
			buildActionMask = 2147483647;
			files = (
			);
			runOnlyForDeploymentPostprocessing = 0;
		};
/* End PBXFrameworksBuildPhase section */

/* Begin PBXGroup section */
		35CA228E22DE4A9C001249E0 = {
			isa = PBXGroup;
			children = (
				35CA229922DE4A9C001249E0 /* Pixel City */,
				35CA229822DE4A9C001249E0 /* Products */,
			);
			sourceTree = "<group>";
		};
		35CA229822DE4A9C001249E0 /* Products */ = {
			isa = PBXGroup;
			children = (
				35CA229722DE4A9C001249E0 /* Pixel City.app */,
			);
			name = Products;
			sourceTree = "<group>";
		};
		35CA229922DE4A9C001249E0 /* Pixel City */ = {
			isa = PBXGroup;
			children = (
				35CA22B022DE4AE9001249E0 /* Extensions */,
				35CA22AF22DE4AE0001249E0 /* Utilities */,
				35CA22AE22DE4ADA001249E0 /* Controller */,
				35CA22AD22DE4AD3001249E0 /* View */,
				35CA22AC22DE4ACC001249E0 /* Model */,
				35CA229A22DE4A9C001249E0 /* AppDelegate.swift */,
				35CA229E22DE4A9C001249E0 /* Main.storyboard */,
				35CA22A122DE4A9E001249E0 /* Assets.xcassets */,
				35CA22A322DE4A9E001249E0 /* LaunchScreen.storyboard */,
				35CA22A622DE4A9E001249E0 /* Info.plist */,
			);
			path = "Pixel City";
			sourceTree = "<group>";
		};
		35CA22AC22DE4ACC001249E0 /* Model */ = {
			isa = PBXGroup;
			children = (
			);
			path = Model;
			sourceTree = "<group>";
		};
		35CA22AD22DE4AD3001249E0 /* View */ = {
			isa = PBXGroup;
			children = (
			);
			path = View;
			sourceTree = "<group>";
		};
		35CA22AE22DE4ADA001249E0 /* Controller */ = {
			isa = PBXGroup;
			children = (
			);
			path = Controller;
			sourceTree = "<group>";
		};
		35CA22AF22DE4AE0001249E0 /* Utilities */ = {
			isa = PBXGroup;
			children = (
				35CA229C22DE4A9C001249E0 /* MapVC.swift */,
			);
			path = Utilities;
			sourceTree = "<group>";
		};
		35CA22B022DE4AE9001249E0 /* Extensions */ = {
			isa = PBXGroup;
			children = (
			);
			path = Extensions;
			sourceTree = "<group>";
		};
/* End PBXGroup section */

/* Begin PBXNativeTarget section */
		35CA229622DE4A9C001249E0 /* Pixel City */ = {
			isa = PBXNativeTarget;
			buildConfigurationList = 35CA22A922DE4A9E001249E0 /* Build configuration list for PBXNativeTarget "Pixel City" */;
			buildPhases = (
				35CA229322DE4A9C001249E0 /* Sources */,
				35CA229422DE4A9C001249E0 /* Frameworks */,
				35CA229522DE4A9C001249E0 /* Resources */,
			);
			buildRules = (
			);
			dependencies = (
			);
			name = "Pixel City";
			productName = "Pixel City";
			productReference = 35CA229722DE4A9C001249E0 /* Pixel City.app */;
			productType = "com.apple.product-type.application";
		};
/* End PBXNativeTarget section */

/* Begin PBXProject section */
		35CA228F22DE4A9C001249E0 /* Project object */ = {
			isa = PBXProject;
			attributes = {
				LastSwiftUpdateCheck = 1020;
				LastUpgradeCheck = 1020;
				ORGANIZATIONNAME = "Shreya Randive";
				TargetAttributes = {
					35CA229622DE4A9C001249E0 = {
						CreatedOnToolsVersion = 10.2.1;
					};
				};
			};
			buildConfigurationList = 35CA229222DE4A9C001249E0 /* Build configuration list for PBXProject "Pixel City" */;
			compatibilityVersion = "Xcode 9.3";
			developmentRegion = en;
			hasScannedForEncodings = 0;
			knownRegions = (
				en,
				Base,
			);
			mainGroup = 35CA228E22DE4A9C001249E0;
			productRefGroup = 35CA229822DE4A9C001249E0 /* Products */;
			projectDirPath = "";
			projectRoot = "";
			targets = (
				35CA229622DE4A9C001249E0 /* Pixel City */,
			);
		};
/* End PBXProject section */

/* Begin PBXResourcesBuildPhase section */
		35CA229522DE4A9C001249E0 /* Resources */ = {
			isa = PBXResourcesBuildPhase;
			buildActionMask = 2147483647;
			files = (
				35CA22A522DE4A9E001249E0 /* LaunchScreen.storyboard in Resources */,
				35CA22A222DE4A9E001249E0 /* Assets.xcassets in Resources */,
				35CA22A022DE4A9C001249E0 /* Main.storyboard in Resources */,
			);
			runOnlyForDeploymentPostprocessing = 0;
		};
/* End PBXResourcesBuildPhase section */

/* Begin PBXSourcesBuildPhase section */
		35CA229322DE4A9C001249E0 /* Sources */ = {
			isa = PBXSourcesBuildPhase;
			buildActionMask = 2147483647;
			files = (
				35CA229D22DE4A9C001249E0 /* MapVC.swift in Sources */,
				35CA229B22DE4A9C001249E0 /* AppDelegate.swift in Sources */,
			);
			runOnlyForDeploymentPostprocessing = 0;
		};
/* End PBXSourcesBuildPhase section */

/* Begin PBXVariantGroup section */
		35CA229E22DE4A9C001249E0 /* Main.storyboard */ = {
			isa = PBXVariantGroup;
			children = (
				35CA229F22DE4A9C001249E0 /* Base */,
			);
			name = Main.storyboard;
			sourceTree = "<group>";
		};
		35CA22A322DE4A9E001249E0 /* LaunchScreen.storyboard */ = {
			isa = PBXVariantGroup;
			children = (
				35CA22A422DE4A9E001249E0 /* Base */,
			);
			name = LaunchScreen.storyboard;
			sourceTree = "<group>";
		};
/* End PBXVariantGroup section */

/* Begin XCBuildConfiguration section */
		35CA22A722DE4A9E001249E0 /* Debug */ = {
			isa = XCBuildConfiguration;
			buildSettings = {
				ALWAYS_SEARCH_USER_PATHS = NO;
				CLANG_ANALYZER_NONNULL = YES;
				CLANG_ANALYZER_NUMBER_OBJECT_CONVERSION = YES_AGGRESSIVE;
				CLANG_CXX_LANGUAGE_STANDARD = "gnu++14";
				CLANG_CXX_LIBRARY = "libc++";
				CLANG_ENABLE_MODULES = YES;
				CLANG_ENABLE_OBJC_ARC = YES;
				CLANG_ENABLE_OBJC_WEAK = YES;
				CLANG_WARN_BLOCK_CAPTURE_AUTORELEASING = YES;
				CLANG_WARN_BOOL_CONVERSION = YES;
				CLANG_WARN_COMMA = YES;
				CLANG_WARN_CONSTANT_CONVERSION = YES;
				CLANG_WARN_DEPRECATED_OBJC_IMPLEMENTATIONS = YES;
				CLANG_WARN_DIRECT_OBJC_ISA_USAGE = YES_ERROR;
				CLANG_WARN_DOCUMENTATION_COMMENTS = YES;
				CLANG_WARN_EMPTY_BODY = YES;
				CLANG_WARN_ENUM_CONVERSION = YES;
				CLANG_WARN_INFINITE_RECURSION = YES;
				CLANG_WARN_INT_CONVERSION = YES;
				CLANG_WARN_NON_LITERAL_NULL_CONVERSION = YES;
				CLANG_WARN_OBJC_IMPLICIT_RETAIN_SELF = YES;
				CLANG_WARN_OBJC_LITERAL_CONVERSION = YES;
				CLANG_WARN_OBJC_ROOT_CLASS = YES_ERROR;
				CLANG_WARN_RANGE_LOOP_ANALYSIS = YES;
				CLANG_WARN_STRICT_PROTOTYPES = YES;
				CLANG_WARN_SUSPICIOUS_MOVE = YES;
				CLANG_WARN_UNGUARDED_AVAILABILITY = YES_AGGRESSIVE;
				CLANG_WARN_UNREACHABLE_CODE = YES;
				CLANG_WARN__DUPLICATE_METHOD_MATCH = YES;
				CODE_SIGN_IDENTITY = "iPhone Developer";
				COPY_PHASE_STRIP = NO;
				DEBUG_INFORMATION_FORMAT = dwarf;
				ENABLE_STRICT_OBJC_MSGSEND = YES;
				ENABLE_TESTABILITY = YES;
				GCC_C_LANGUAGE_STANDARD = gnu11;
				GCC_DYNAMIC_NO_PIC = NO;
				GCC_NO_COMMON_BLOCKS = YES;
				GCC_OPTIMIZATION_LEVEL = 0;
				GCC_PREPROCESSOR_DEFINITIONS = (
					"DEBUG=1",
					"$(inherited)",
				);
				GCC_WARN_64_TO_32_BIT_CONVERSION = YES;
				GCC_WARN_ABOUT_RETURN_TYPE = YES_ERROR;
				GCC_WARN_UNDECLARED_SELECTOR = YES;
				GCC_WARN_UNINITIALIZED_AUTOS = YES_AGGRESSIVE;
				GCC_WARN_UNUSED_FUNCTION = YES;
				GCC_WARN_UNUSED_VARIABLE = YES;
				IPHONEOS_DEPLOYMENT_TARGET = 12.2;
				MTL_ENABLE_DEBUG_INFO = INCLUDE_SOURCE;
				MTL_FAST_MATH = YES;
				ONLY_ACTIVE_ARCH = YES;
				SDKROOT = iphoneos;
				SWIFT_ACTIVE_COMPILATION_CONDITIONS = DEBUG;
				SWIFT_OPTIMIZATION_LEVEL = "-Onone";
			};
			name = Debug;
		};
		35CA22A822DE4A9E001249E0 /* Release */ = {
			isa = XCBuildConfiguration;
			buildSettings = {
				ALWAYS_SEARCH_USER_PATHS = NO;
				CLANG_ANALYZER_NONNULL = YES;
				CLANG_ANALYZER_NUMBER_OBJECT_CONVERSION = YES_AGGRESSIVE;
				CLANG_CXX_LANGUAGE_STANDARD = "gnu++14";
				CLANG_CXX_LIBRARY = "libc++";
				CLANG_ENABLE_MODULES = YES;
				CLANG_ENABLE_OBJC_ARC = YES;
				CLANG_ENABLE_OBJC_WEAK = YES;
				CLANG_WARN_BLOCK_CAPTURE_AUTORELEASING = YES;
				CLANG_WARN_BOOL_CONVERSION = YES;
				CLANG_WARN_COMMA = YES;
				CLANG_WARN_CONSTANT_CONVERSION = YES;
				CLANG_WARN_DEPRECATED_OBJC_IMPLEMENTATIONS = YES;
				CLANG_WARN_DIRECT_OBJC_ISA_USAGE = YES_ERROR;
				CLANG_WARN_DOCUMENTATION_COMMENTS = YES;
				CLANG_WARN_EMPTY_BODY = YES;
				CLANG_WARN_ENUM_CONVERSION = YES;
				CLANG_WARN_INFINITE_RECURSION = YES;
				CLANG_WARN_INT_CONVERSION = YES;
				CLANG_WARN_NON_LITERAL_NULL_CONVERSION = YES;
				CLANG_WARN_OBJC_IMPLICIT_RETAIN_SELF = YES;
				CLANG_WARN_OBJC_LITERAL_CONVERSION = YES;
				CLANG_WARN_OBJC_ROOT_CLASS = YES_ERROR;
				CLANG_WARN_RANGE_LOOP_ANALYSIS = YES;
				CLANG_WARN_STRICT_PROTOTYPES = YES;
				CLANG_WARN_SUSPICIOUS_MOVE = YES;
				CLANG_WARN_UNGUARDED_AVAILABILITY = YES_AGGRESSIVE;
				CLANG_WARN_UNREACHABLE_CODE = YES;
				CLANG_WARN__DUPLICATE_METHOD_MATCH = YES;
				CODE_SIGN_IDENTITY = "iPhone Developer";
				COPY_PHASE_STRIP = NO;
				DEBUG_INFORMATION_FORMAT = "dwarf-with-dsym";
				ENABLE_NS_ASSERTIONS = NO;
				ENABLE_STRICT_OBJC_MSGSEND = YES;
				GCC_C_LANGUAGE_STANDARD = gnu11;
				GCC_NO_COMMON_BLOCKS = YES;
				GCC_WARN_64_TO_32_BIT_CONVERSION = YES;
				GCC_WARN_ABOUT_RETURN_TYPE = YES_ERROR;
				GCC_WARN_UNDECLARED_SELECTOR = YES;
				GCC_WARN_UNINITIALIZED_AUTOS = YES_AGGRESSIVE;
				GCC_WARN_UNUSED_FUNCTION = YES;
				GCC_WARN_UNUSED_VARIABLE = YES;
				IPHONEOS_DEPLOYMENT_TARGET = 12.2;
				MTL_ENABLE_DEBUG_INFO = NO;
				MTL_FAST_MATH = YES;
				SDKROOT = iphoneos;
				SWIFT_COMPILATION_MODE = wholemodule;
				SWIFT_OPTIMIZATION_LEVEL = "-O";
				VALIDATE_PRODUCT = YES;
			};
			name = Release;
		};
		35CA22AA22DE4A9E001249E0 /* Debug */ = {
			isa = XCBuildConfiguration;
			buildSettings = {
				ASSETCATALOG_COMPILER_APPICON_NAME = AppIcon;
				CODE_SIGN_STYLE = Automatic;
				DEVELOPMENT_TEAM = LPBH5JPMKU;
				INFOPLIST_FILE = "Pixel City/Info.plist";
				LD_RUNPATH_SEARCH_PATHS = (
					"$(inherited)",
					"@executable_path/Frameworks",
				);
				PRODUCT_BUNDLE_IDENTIFIER = "com.shreyarandive.Pixel-City";
				PRODUCT_NAME = "$(TARGET_NAME)";
				SWIFT_VERSION = 5.0;
				TARGETED_DEVICE_FAMILY = "1,2";
			};
			name = Debug;
		};
		35CA22AB22DE4A9E001249E0 /* Release */ = {
			isa = XCBuildConfiguration;
			buildSettings = {
				ASSETCATALOG_COMPILER_APPICON_NAME = AppIcon;
				CODE_SIGN_STYLE = Automatic;
				DEVELOPMENT_TEAM = LPBH5JPMKU;
				INFOPLIST_FILE = "Pixel City/Info.plist";
				LD_RUNPATH_SEARCH_PATHS = (
					"$(inherited)",
					"@executable_path/Frameworks",
				);
				PRODUCT_BUNDLE_IDENTIFIER = "com.shreyarandive.Pixel-City";
				PRODUCT_NAME = "$(TARGET_NAME)";
				SWIFT_VERSION = 5.0;
				TARGETED_DEVICE_FAMILY = "1,2";
			};
			name = Release;
		};
/* End XCBuildConfiguration section */

/* Begin XCConfigurationList section */
		35CA229222DE4A9C001249E0 /* Build configuration list for PBXProject "Pixel City" */ = {
			isa = XCConfigurationList;
			buildConfigurations = (
				35CA22A722DE4A9E001249E0 /* Debug */,
				35CA22A822DE4A9E001249E0 /* Release */,
			);
			defaultConfigurationIsVisible = 0;
			defaultConfigurationName = Release;
		};
		35CA22A922DE4A9E001249E0 /* Build configuration list for PBXNativeTarget "Pixel City" */ = {
			isa = XCConfigurationList;
			buildConfigurations = (
				35CA22AA22DE4A9E001249E0 /* Debug */,
				35CA22AB22DE4A9E001249E0 /* Release */,
			);
			defaultConfigurationIsVisible = 0;
			defaultConfigurationName = Release;
		};
/* End XCConfigurationList section */
	};
	rootObject = 35CA228F22DE4A9C001249E0 /* Project object */;
}
